
Microsoft Visual Studio Solution File, Format Version 12.00
# Visual Studio Version 17
VisualStudioVersion = 17.7.34003.232
MinimumVisualStudioVersion = 10.0.40219.1
Project("{FAE04EC0-301F-11D3-BF4B-00C04F79EFBC}") = "WillsIMS", "WillsIMS.csproj", "{2094BFAE-F7DC-4694-8789-BF7B11C2082A}"
EndProject
Global
	GlobalSection(SolutionConfigurationPlatforms) = preSolution
		Debug|Any CPU = Debug|Any CPU
		Release|Any CPU = Release|Any CPU
	EndGlobalSection
	GlobalSection(ProjectConfigurationPlatforms) = postSolution
		{2094BFAE-F7DC-4694-8789-BF7B11C2082A}.Debug|Any CPU.ActiveCfg = Debug|Any CPU
		{2094BFAE-F7DC-4694-8789-BF7B11C2082A}.Debug|Any CPU.Build.0 = Debug|Any CPU
		{2094BFAE-F7DC-4694-8789-BF7B11C2082A}.Release|Any CPU.ActiveCfg = Release|Any CPU
		{2094BFAE-F7DC-4694-8789-BF7B11C2082A}.Release|Any CPU.Build.0 = Release|Any CPU
	EndGlobalSection
	GlobalSection(SolutionProperties) = preSolution
		HideSolutionNode = FALSE
	EndGlobalSection
	GlobalSection(ExtensibilityGlobals) = postSolution
		SolutionGuid = {443E57B3-85B6-498C-9AA1-7C03E120AF4D}
	EndGlobalSection
EndGlobal
